
Microsoft Visual Studio Solution File, Format Version 12.00
# Visual Studio Version 16
VisualStudioVersion = 16.0.29123.88
MinimumVisualStudioVersion = 10.0.40219.1
Project("{FAE04EC0-301F-11D3-BF4B-00C04F79EFBC}") = "Models", "Models\Models.csproj", "{A95CC90F-0CD8-438F-B30A-583A75ACC677}"
EndProject
Global
	GlobalSection(SolutionConfigurationPlatforms) = preSolution
		Debug|Any CPU = Debug|Any CPU
		Release|Any CPU = Release|Any CPU
	EndGlobalSection
	GlobalSection(ProjectConfigurationPlatforms) = postSolution
		{A95CC90F-0CD8-438F-B30A-583A75ACC677}.Debug|Any CPU.ActiveCfg = Debug|Any CPU
		{A95CC90F-0CD8-438F-B30A-583A75ACC677}.Debug|Any CPU.Build.0 = Debug|Any CPU
		{A95CC90F-0CD8-438F-B30A-583A75ACC677}.Release|Any CPU.ActiveCfg = Release|Any CPU
		{A95CC90F-0CD8-438F-B30A-583A75ACC677}.Release|Any CPU.Build.0 = Release|Any CPU
	EndGlobalSection
	GlobalSection(SolutionProperties) = preSolution
		HideSolutionNode = FALSE
	EndGlobalSection
	GlobalSection(ExtensibilityGlobals) = postSolution
		SolutionGuid = {9331DC3A-FB46-4CC9-8BEE-ED644A2C94EA}
	EndGlobalSection
EndGlobal
